
Microsoft Visual Studio Solution File, Format Version 12.00
# Visual Studio Version 17
VisualStudioVersion = 17.5.33424.131
MinimumVisualStudioVersion = 10.0.40219.1
Project("{9A19103F-16F7-4668-BE54-9A1E7A4F7556}") = "AnonymousTypes", "AnonymousTypes\AnonymousTypes.csproj", "{165F9A4E-519F-4C84-B6EA-12A788FAD48E}"
EndProject
Project("{FAE04EC0-301F-11D3-BF4B-00C04F79EFBC}") = "TupleTypes", "TupleTypes\TupleTypes.csproj", "{16A30704-0EE2-4629-A80C-DCD159254F18}"
EndProject
Global
	GlobalSection(SolutionConfigurationPlatforms) = preSolution
		Debug|Any CPU = Debug|Any CPU
		Release|Any CPU = Release|Any CPU
	EndGlobalSection
	GlobalSection(ProjectConfigurationPlatforms) = postSolution
		{165F9A4E-519F-4C84-B6EA-12A788FAD48E}.Debug|Any CPU.ActiveCfg = Debug|Any CPU
		{165F9A4E-519F-4C84-B6EA-12A788FAD48E}.Debug|Any CPU.Build.0 = Debug|Any CPU
		{165F9A4E-519F-4C84-B6EA-12A788FAD48E}.Release|Any CPU.ActiveCfg = Release|Any CPU
		{165F9A4E-519F-4C84-B6EA-12A788FAD48E}.Release|Any CPU.Build.0 = Release|Any CPU
		{16A30704-0EE2-4629-A80C-DCD159254F18}.Debug|Any CPU.ActiveCfg = Debug|Any CPU
		{16A30704-0EE2-4629-A80C-DCD159254F18}.Debug|Any CPU.Build.0 = Debug|Any CPU
		{16A30704-0EE2-4629-A80C-DCD159254F18}.Release|Any CPU.ActiveCfg = Release|Any CPU
		{16A30704-0EE2-4629-A80C-DCD159254F18}.Release|Any CPU.Build.0 = Release|Any CPU
	EndGlobalSection
	GlobalSection(SolutionProperties) = preSolution
		HideSolutionNode = FALSE
	EndGlobalSection
	GlobalSection(ExtensibilityGlobals) = postSolution
		SolutionGuid = {1DE792CD-3BAE-4A23-A183-AF428E1531DA}
	EndGlobalSection
EndGlobal
